// !$*UTF8*$!
{
	archiveVersion = 1;
	classes = {
	};
	objectVersion = 51;
	objects = {

/* Begin PBXBuildFile section */
		021E4D273C3E691B35CB7B08 /* Pods_Trews.framework in Frameworks */ = {isa = PBXBuildFile; fileRef = FCD36E5274445054FEE3F581 /* Pods_Trews.framework */; };
		A912570A231D5B6D0077C3BB /* SignUpViewControllerDelegate.swift in Sources */ = {isa = PBXBuildFile; fileRef = A9125709231D5B6D0077C3BB /* SignUpViewControllerDelegate.swift */; };
		A912570D231D5E330077C3BB /* NewsViewController.swift in Sources */ = {isa = PBXBuildFile; fileRef = A912570C231D5E330077C3BB /* NewsViewController.swift */; };
		A9125715231D66620077C3BB /* AppController.swift in Sources */ = {isa = PBXBuildFile; fileRef = A9125714231D66610077C3BB /* AppController.swift */; };
		A9125717231D67660077C3BB /* DataResponse+Utility.swift in Sources */ = {isa = PBXBuildFile; fileRef = A9125716231D67660077C3BB /* DataResponse+Utility.swift */; };
		A9125719231D7D790077C3BB /* Trews.swift in Sources */ = {isa = PBXBuildFile; fileRef = A9125718231D7D790077C3BB /* Trews.swift */; };
		A9B3B248231CF05B00685880 /* AppDelegate.swift in Sources */ = {isa = PBXBuildFile; fileRef = A9B3B247231CF05B00685880 /* AppDelegate.swift */; };
		A9B3B24F231CF05D00685880 /* Assets.xcassets in Resources */ = {isa = PBXBuildFile; fileRef = A9B3B24E231CF05D00685880 /* Assets.xcassets */; };
		A9B3B252231CF05D00685880 /* LaunchScreen.storyboard in Resources */ = {isa = PBXBuildFile; fileRef = A9B3B250231CF05D00685880 /* LaunchScreen.storyboard */; };
		A9B3B260231CF5D800685880 /* SignInViewController.swift in Sources */ = {isa = PBXBuildFile; fileRef = A9B3B25F231CF5D800685880 /* SignInViewController.swift */; };
		A9B3B262231CFC5500685880 /* Constants.swift in Sources */ = {isa = PBXBuildFile; fileRef = A9B3B261231CFC5500685880 /* Constants.swift */; };
		A9B3B26A231CFD1F00685880 /* UIColor+Hex.swift in Sources */ = {isa = PBXBuildFile; fileRef = A9B3B269231CFD1F00685880 /* UIColor+Hex.swift */; };
		A9B3B26C231CFD3E00685880 /* String+Utility.swift in Sources */ = {isa = PBXBuildFile; fileRef = A9B3B26B231CFD3E00685880 /* String+Utility.swift */; };
		A9B3B26F231CFDED00685880 /* NavigationController.swift in Sources */ = {isa = PBXBuildFile; fileRef = A9B3B26E231CFDED00685880 /* NavigationController.swift */; };
		A9B3B271231CFF5900685880 /* ViewController.swift in Sources */ = {isa = PBXBuildFile; fileRef = A9B3B270231CFF5900685880 /* ViewController.swift */; };
		A9B3B273231D007400685880 /* UIView+Shadow.swift in Sources */ = {isa = PBXBuildFile; fileRef = A9B3B272231D007400685880 /* UIView+Shadow.swift */; };
		A9B3B275231D050900685880 /* InputView.swift in Sources */ = {isa = PBXBuildFile; fileRef = A9B3B274231D050900685880 /* InputView.swift */; };
		A9B3B27B231D0C9A00685880 /* SF-Pro-Text-Bold.otf in Resources */ = {isa = PBXBuildFile; fileRef = A9B3B27A231D0C3400685880 /* SF-Pro-Text-Bold.otf */; };
		A9B3B27C231D0C9C00685880 /* SF-Pro-Text-Medium.otf in Resources */ = {isa = PBXBuildFile; fileRef = A9B3B279231D0C3400685880 /* SF-Pro-Text-Medium.otf */; };
		A9B3B27D231D0C9F00685880 /* SF-Pro-Text-Regular.otf in Resources */ = {isa = PBXBuildFile; fileRef = A9B3B278231D0C3400685880 /* SF-Pro-Text-Regular.otf */; };
		A9B3B27E231D0CA000685880 /* SF-Pro-Text-Semibold.otf in Resources */ = {isa = PBXBuildFile; fileRef = A9B3B277231D0C3400685880 /* SF-Pro-Text-Semibold.otf */; };
		A9B3B280231D0CCC00685880 /* UIFont+ProText.swift in Sources */ = {isa = PBXBuildFile; fileRef = A9B3B27F231D0CCC00685880 /* UIFont+ProText.swift */; };
		A9B3B282231D10A700685880 /* AuthenticationButton.swift in Sources */ = {isa = PBXBuildFile; fileRef = A9B3B281231D10A700685880 /* AuthenticationButton.swift */; };
		A9B3B284231D13BE00685880 /* UIImage+Color.swift in Sources */ = {isa = PBXBuildFile; fileRef = A9B3B283231D13BE00685880 /* UIImage+Color.swift */; };
		A9B3B287231D238C00685880 /* Client.swift in Sources */ = {isa = PBXBuildFile; fileRef = A9B3B286231D238C00685880 /* Client.swift */; };
		A9B3B28A231D2D9200685880 /* SignUpViewController.swift in Sources */ = {isa = PBXBuildFile; fileRef = A9B3B289231D2D9200685880 /* SignUpViewController.swift */; };
/* End PBXBuildFile section */

/* Begin PBXFileReference section */
		805AFDDAE07C7F3E3CE852CB /* Pods-Trews.debug.xcconfig */ = {isa = PBXFileReference; includeInIndex = 1; lastKnownFileType = text.xcconfig; name = "Pods-Trews.debug.xcconfig"; path = "Target Support Files/Pods-Trews/Pods-Trews.debug.xcconfig"; sourceTree = "<group>"; };
		A9125709231D5B6D0077C3BB /* SignUpViewControllerDelegate.swift */ = {isa = PBXFileReference; lastKnownFileType = sourcecode.swift; path = SignUpViewControllerDelegate.swift; sourceTree = "<group>"; };
		A912570C231D5E330077C3BB /* NewsViewController.swift */ = {isa = PBXFileReference; lastKnownFileType = sourcecode.swift; path = NewsViewController.swift; sourceTree = "<group>"; };
		A9125714231D66610077C3BB /* AppController.swift */ = {isa = PBXFileReference; fileEncoding = 4; lastKnownFileType = sourcecode.swift; path = AppController.swift; sourceTree = "<group>"; };
		A9125716231D67660077C3BB /* DataResponse+Utility.swift */ = {isa = PBXFileReference; lastKnownFileType = sourcecode.swift; path = "DataResponse+Utility.swift"; sourceTree = "<group>"; };
		A9125718231D7D790077C3BB /* Trews.swift */ = {isa = PBXFileReference; lastKnownFileType = sourcecode.swift; path = Trews.swift; sourceTree = "<group>"; };
		A9B3B244231CF05B00685880 /* Trews.app */ = {isa = PBXFileReference; explicitFileType = wrapper.application; includeInIndex = 0; path = Trews.app; sourceTree = BUILT_PRODUCTS_DIR; };
		A9B3B247231CF05B00685880 /* AppDelegate.swift */ = {isa = PBXFileReference; lastKnownFileType = sourcecode.swift; path = AppDelegate.swift; sourceTree = "<group>"; };
		A9B3B24E231CF05D00685880 /* Assets.xcassets */ = {isa = PBXFileReference; lastKnownFileType = folder.assetcatalog; path = Assets.xcassets; sourceTree = "<group>"; };
		A9B3B251231CF05D00685880 /* Base */ = {isa = PBXFileReference; lastKnownFileType = file.storyboard; name = Base; path = Base.lproj/LaunchScreen.storyboard; sourceTree = "<group>"; };
		A9B3B253231CF05D00685880 /* Info.plist */ = {isa = PBXFileReference; lastKnownFileType = text.plist.xml; path = Info.plist; sourceTree = "<group>"; };
		A9B3B25F231CF5D800685880 /* SignInViewController.swift */ = {isa = PBXFileReference; lastKnownFileType = sourcecode.swift; path = SignInViewController.swift; sourceTree = "<group>"; };
		A9B3B261231CFC5500685880 /* Constants.swift */ = {isa = PBXFileReference; lastKnownFileType = sourcecode.swift; path = Constants.swift; sourceTree = "<group>"; };
		A9B3B269231CFD1F00685880 /* UIColor+Hex.swift */ = {isa = PBXFileReference; lastKnownFileType = sourcecode.swift; path = "UIColor+Hex.swift"; sourceTree = "<group>"; };
		A9B3B26B231CFD3E00685880 /* String+Utility.swift */ = {isa = PBXFileReference; lastKnownFileType = sourcecode.swift; path = "String+Utility.swift"; sourceTree = "<group>"; };
		A9B3B26E231CFDED00685880 /* NavigationController.swift */ = {isa = PBXFileReference; lastKnownFileType = sourcecode.swift; path = NavigationController.swift; sourceTree = "<group>"; };
		A9B3B270231CFF5900685880 /* ViewController.swift */ = {isa = PBXFileReference; lastKnownFileType = sourcecode.swift; path = ViewController.swift; sourceTree = "<group>"; };
		A9B3B272231D007400685880 /* UIView+Shadow.swift */ = {isa = PBXFileReference; lastKnownFileType = sourcecode.swift; path = "UIView+Shadow.swift"; sourceTree = "<group>"; };
		A9B3B274231D050900685880 /* InputView.swift */ = {isa = PBXFileReference; lastKnownFileType = sourcecode.swift; path = InputView.swift; sourceTree = "<group>"; };
		A9B3B277231D0C3400685880 /* SF-Pro-Text-Semibold.otf */ = {isa = PBXFileReference; lastKnownFileType = file; path = "SF-Pro-Text-Semibold.otf"; sourceTree = "<group>"; };
		A9B3B278231D0C3400685880 /* SF-Pro-Text-Regular.otf */ = {isa = PBXFileReference; lastKnownFileType = file; path = "SF-Pro-Text-Regular.otf"; sourceTree = "<group>"; };
		A9B3B279231D0C3400685880 /* SF-Pro-Text-Medium.otf */ = {isa = PBXFileReference; lastKnownFileType = file; path = "SF-Pro-Text-Medium.otf"; sourceTree = "<group>"; };
		A9B3B27A231D0C3400685880 /* SF-Pro-Text-Bold.otf */ = {isa = PBXFileReference; lastKnownFileType = file; path = "SF-Pro-Text-Bold.otf"; sourceTree = "<group>"; };
		A9B3B27F231D0CCC00685880 /* UIFont+ProText.swift */ = {isa = PBXFileReference; lastKnownFileType = sourcecode.swift; path = "UIFont+ProText.swift"; sourceTree = "<group>"; };
		A9B3B281231D10A700685880 /* AuthenticationButton.swift */ = {isa = PBXFileReference; lastKnownFileType = sourcecode.swift; path = AuthenticationButton.swift; sourceTree = "<group>"; };
		A9B3B283231D13BE00685880 /* UIImage+Color.swift */ = {isa = PBXFileReference; lastKnownFileType = sourcecode.swift; path = "UIImage+Color.swift"; sourceTree = "<group>"; };
		A9B3B286231D238C00685880 /* Client.swift */ = {isa = PBXFileReference; lastKnownFileType = sourcecode.swift; path = Client.swift; sourceTree = "<group>"; };
		A9B3B289231D2D9200685880 /* SignUpViewController.swift */ = {isa = PBXFileReference; lastKnownFileType = sourcecode.swift; path = SignUpViewController.swift; sourceTree = "<group>"; };
		B11BDE20791D537FAFD615D9 /* Pods-Trews.release.xcconfig */ = {isa = PBXFileReference; includeInIndex = 1; lastKnownFileType = text.xcconfig; name = "Pods-Trews.release.xcconfig"; path = "Target Support Files/Pods-Trews/Pods-Trews.release.xcconfig"; sourceTree = "<group>"; };
		FCD36E5274445054FEE3F581 /* Pods_Trews.framework */ = {isa = PBXFileReference; explicitFileType = wrapper.framework; includeInIndex = 0; path = Pods_Trews.framework; sourceTree = BUILT_PRODUCTS_DIR; };
/* End PBXFileReference section */

/* Begin PBXFrameworksBuildPhase section */
		A9B3B241231CF05B00685880 /* Frameworks */ = {
			isa = PBXFrameworksBuildPhase;
			buildActionMask = 2147483647;
			files = (
				021E4D273C3E691B35CB7B08 /* Pods_Trews.framework in Frameworks */,
			);
			runOnlyForDeploymentPostprocessing = 0;
		};
/* End PBXFrameworksBuildPhase section */

/* Begin PBXGroup section */
		0288ADEAC2C2D79C2BC7A42B /* Frameworks */ = {
			isa = PBXGroup;
			children = (
				FCD36E5274445054FEE3F581 /* Pods_Trews.framework */,
			);
			name = Frameworks;
			sourceTree = "<group>";
		};
		A912570B231D5E280077C3BB /* News */ = {
			isa = PBXGroup;
			children = (
				A912570C231D5E330077C3BB /* NewsViewController.swift */,
				A9125718231D7D790077C3BB /* Trews.swift */,
			);
			path = News;
			sourceTree = "<group>";
		};
		A9B3B23B231CF05B00685880 = {
			isa = PBXGroup;
			children = (
				A9B3B246231CF05B00685880 /* Trews */,
				A9B3B245231CF05B00685880 /* Products */,
				ECB67BF69E864D99516A761F /* Pods */,
				0288ADEAC2C2D79C2BC7A42B /* Frameworks */,
			);
			sourceTree = "<group>";
		};
		A9B3B245231CF05B00685880 /* Products */ = {
			isa = PBXGroup;
			children = (
				A9B3B244231CF05B00685880 /* Trews.app */,
			);
			name = Products;
			sourceTree = "<group>";
		};
		A9B3B246231CF05B00685880 /* Trews */ = {
			isa = PBXGroup;
			children = (
				A9B3B261231CFC5500685880 /* Constants.swift */,
				A9B3B26D231CFDE000685880 /* Base */,
				A9B3B259231CF1F500685880 /* Systems */,
				A9B3B25E231CF5B800685880 /* SignIn */,
				A9B3B288231D2D5E00685880 /* SignUp */,
				A912570B231D5E280077C3BB /* News */,
				A9B3B285231D234A00685880 /* Services */,
				A9B3B268231CFCED00685880 /* Utility */,
				A9B3B25A231CF20B00685880 /* Resources */,
			);
			path = Trews;
			sourceTree = "<group>";
		};
		A9B3B259231CF1F500685880 /* Systems */ = {
			isa = PBXGroup;
			children = (
				A9B3B247231CF05B00685880 /* AppDelegate.swift */,
				A9125714231D66610077C3BB /* AppController.swift */,
			);
			path = Systems;
			sourceTree = "<group>";
		};
		A9B3B25A231CF20B00685880 /* Resources */ = {
			isa = PBXGroup;
			children = (
				A9B3B276231D0BF900685880 /* Fonts */,
				A9B3B24E231CF05D00685880 /* Assets.xcassets */,
				A9B3B250231CF05D00685880 /* LaunchScreen.storyboard */,
				A9B3B253231CF05D00685880 /* Info.plist */,
			);
			path = Resources;
			sourceTree = "<group>";
		};
		A9B3B25E231CF5B800685880 /* SignIn */ = {
			isa = PBXGroup;
			children = (
				A9B3B25F231CF5D800685880 /* SignInViewController.swift */,
			);
			path = SignIn;
			sourceTree = "<group>";
		};
		A9B3B268231CFCED00685880 /* Utility */ = {
			isa = PBXGroup;
			children = (
				A9B3B269231CFD1F00685880 /* UIColor+Hex.swift */,
				A9B3B26B231CFD3E00685880 /* String+Utility.swift */,
				A9B3B272231D007400685880 /* UIView+Shadow.swift */,
				A9B3B274231D050900685880 /* InputView.swift */,
				A9B3B27F231D0CCC00685880 /* UIFont+ProText.swift */,
				A9B3B281231D10A700685880 /* AuthenticationButton.swift */,
				A9B3B283231D13BE00685880 /* UIImage+Color.swift */,
				A9125716231D67660077C3BB /* DataResponse+Utility.swift */,
			);
			path = Utility;
			sourceTree = "<group>";
		};
		A9B3B26D231CFDE000685880 /* Base */ = {
			isa = PBXGroup;
			children = (
				A9B3B26E231CFDED00685880 /* NavigationController.swift */,
				A9B3B270231CFF5900685880 /* ViewController.swift */,
			);
			path = Base;
			sourceTree = "<group>";
		};
		A9B3B276231D0BF900685880 /* Fonts */ = {
			isa = PBXGroup;
			children = (
				A9B3B27A231D0C3400685880 /* SF-Pro-Text-Bold.otf */,
				A9B3B279231D0C3400685880 /* SF-Pro-Text-Medium.otf */,
				A9B3B278231D0C3400685880 /* SF-Pro-Text-Regular.otf */,
				A9B3B277231D0C3400685880 /* SF-Pro-Text-Semibold.otf */,
			);
			path = Fonts;
			sourceTree = "<group>";
		};
		A9B3B285231D234A00685880 /* Services */ = {
			isa = PBXGroup;
			children = (
				A9B3B286231D238C00685880 /* Client.swift */,
			);
			path = Services;
			sourceTree = "<group>";
		};
		A9B3B288231D2D5E00685880 /* SignUp */ = {
			isa = PBXGroup;
			children = (
				A9B3B289231D2D9200685880 /* SignUpViewController.swift */,
				A9125709231D5B6D0077C3BB /* SignUpViewControllerDelegate.swift */,
			);
			path = SignUp;
			sourceTree = "<group>";
		};
		ECB67BF69E864D99516A761F /* Pods */ = {
			isa = PBXGroup;
			children = (
				805AFDDAE07C7F3E3CE852CB /* Pods-Trews.debug.xcconfig */,
				B11BDE20791D537FAFD615D9 /* Pods-Trews.release.xcconfig */,
			);
			path = Pods;
			sourceTree = "<group>";
		};
/* End PBXGroup section */

/* Begin PBXNativeTarget section */
		A9B3B243231CF05B00685880 /* Trews */ = {
			isa = PBXNativeTarget;
			buildConfigurationList = A9B3B256231CF05D00685880 /* Build configuration list for PBXNativeTarget "Trews" */;
			buildPhases = (
				96CCC4F0C1F1AD01B94DDD65 /* [CP] Check Pods Manifest.lock */,
				A9B3B240231CF05B00685880 /* Sources */,
				A9B3B25D231CF45900685880 /* SwiftLint */,
				A9B3B241231CF05B00685880 /* Frameworks */,
				A9B3B242231CF05B00685880 /* Resources */,
				DE468E360F135778E0949DE1 /* [CP] Embed Pods Frameworks */,
			);
			buildRules = (
			);
			dependencies = (
			);
			name = Trews;
			productName = Trews;
			productReference = A9B3B244231CF05B00685880 /* Trews.app */;
			productType = "com.apple.product-type.application";
		};
/* End PBXNativeTarget section */

/* Begin PBXProject section */
		A9B3B23C231CF05B00685880 /* Project object */ = {
			isa = PBXProject;
			attributes = {
				LastSwiftUpdateCheck = 1030;
				LastUpgradeCheck = 1030;
				ORGANIZATIONNAME = trungducc;
				TargetAttributes = {
					A9B3B243231CF05B00685880 = {
						CreatedOnToolsVersion = 10.3;
					};
				};
			};
			buildConfigurationList = A9B3B23F231CF05B00685880 /* Build configuration list for PBXProject "Trews" */;
			compatibilityVersion = "Xcode 9.3";
			developmentRegion = en;
			hasScannedForEncodings = 0;
			knownRegions = (
				en,
				Base,
			);
			mainGroup = A9B3B23B231CF05B00685880;
			productRefGroup = A9B3B245231CF05B00685880 /* Products */;
			projectDirPath = "";
			projectRoot = "";
			targets = (
				A9B3B243231CF05B00685880 /* Trews */,
			);
		};
/* End PBXProject section */

/* Begin PBXResourcesBuildPhase section */
		A9B3B242231CF05B00685880 /* Resources */ = {
			isa = PBXResourcesBuildPhase;
			buildActionMask = 2147483647;
			files = (
				A9B3B27E231D0CA000685880 /* SF-Pro-Text-Semibold.otf in Resources */,
				A9B3B27C231D0C9C00685880 /* SF-Pro-Text-Medium.otf in Resources */,
				A9B3B27D231D0C9F00685880 /* SF-Pro-Text-Regular.otf in Resources */,
				A9B3B252231CF05D00685880 /* LaunchScreen.storyboard in Resources */,
				A9B3B24F231CF05D00685880 /* Assets.xcassets in Resources */,
				A9B3B27B231D0C9A00685880 /* SF-Pro-Text-Bold.otf in Resources */,
			);
			runOnlyForDeploymentPostprocessing = 0;
		};
/* End PBXResourcesBuildPhase section */

/* Begin PBXShellScriptBuildPhase section */
		96CCC4F0C1F1AD01B94DDD65 /* [CP] Check Pods Manifest.lock */ = {
			isa = PBXShellScriptBuildPhase;
			buildActionMask = 2147483647;
			files = (
			);
			inputFileListPaths = (
			);
			inputPaths = (
				"${PODS_PODFILE_DIR_PATH}/Podfile.lock",
				"${PODS_ROOT}/Manifest.lock",
			);
			name = "[CP] Check Pods Manifest.lock";
			outputFileListPaths = (
			);
			outputPaths = (
				"$(DERIVED_FILE_DIR)/Pods-Trews-checkManifestLockResult.txt",
			);
			runOnlyForDeploymentPostprocessing = 0;
			shellPath = /bin/sh;
			shellScript = "diff \"${PODS_PODFILE_DIR_PATH}/Podfile.lock\" \"${PODS_ROOT}/Manifest.lock\" > /dev/null\nif [ $? != 0 ] ; then\n    # print error to STDERR\n    echo \"error: The sandbox is not in sync with the Podfile.lock. Run 'pod install' or update your CocoaPods installation.\" >&2\n    exit 1\nfi\n# This output is used by Xcode 'outputs' to avoid re-running this script phase.\necho \"SUCCESS\" > \"${SCRIPT_OUTPUT_FILE_0}\"\n";
			showEnvVarsInLog = 0;
		};
		A9B3B25D231CF45900685880 /* SwiftLint */ = {
			isa = PBXShellScriptBuildPhase;
			buildActionMask = 2147483647;
			files = (
			);
			inputFileListPaths = (
			);
			inputPaths = (
			);
			name = SwiftLint;
			outputFileListPaths = (
			);
			outputPaths = (
			);
			runOnlyForDeploymentPostprocessing = 0;
			shellPath = /bin/sh;
			shellScript = "\"${PODS_ROOT}/SwiftLint/swiftlint\"\n";
		};
		DE468E360F135778E0949DE1 /* [CP] Embed Pods Frameworks */ = {
			isa = PBXShellScriptBuildPhase;
			buildActionMask = 2147483647;
			files = (
			);
			inputFileListPaths = (
				"${PODS_ROOT}/Target Support Files/Pods-Trews/Pods-Trews-frameworks-${CONFIGURATION}-input-files.xcfilelist",
			);
			name = "[CP] Embed Pods Frameworks";
			outputFileListPaths = (
				"${PODS_ROOT}/Target Support Files/Pods-Trews/Pods-Trews-frameworks-${CONFIGURATION}-output-files.xcfilelist",
			);
			runOnlyForDeploymentPostprocessing = 0;
			shellPath = /bin/sh;
			shellScript = "\"${PODS_ROOT}/Target Support Files/Pods-Trews/Pods-Trews-frameworks.sh\"\n";
			showEnvVarsInLog = 0;
		};
/* End PBXShellScriptBuildPhase section */

/* Begin PBXSourcesBuildPhase section */
		A9B3B240231CF05B00685880 /* Sources */ = {
			isa = PBXSourcesBuildPhase;
			buildActionMask = 2147483647;
			files = (
				A9B3B248231CF05B00685880 /* AppDelegate.swift in Sources */,
				A912570A231D5B6D0077C3BB /* SignUpViewControllerDelegate.swift in Sources */,
				A9B3B280231D0CCC00685880 /* UIFont+ProText.swift in Sources */,
				A9B3B260231CF5D800685880 /* SignInViewController.swift in Sources */,
				A9B3B26C231CFD3E00685880 /* String+Utility.swift in Sources */,
				A9B3B282231D10A700685880 /* AuthenticationButton.swift in Sources */,
				A9B3B262231CFC5500685880 /* Constants.swift in Sources */,
				A9B3B284231D13BE00685880 /* UIImage+Color.swift in Sources */,
				A9125719231D7D790077C3BB /* Trews.swift in Sources */,
				A9B3B287231D238C00685880 /* Client.swift in Sources */,
				A9B3B28A231D2D9200685880 /* SignUpViewController.swift in Sources */,
				A9125715231D66620077C3BB /* AppController.swift in Sources */,
				A9125717231D67660077C3BB /* DataResponse+Utility.swift in Sources */,
				A9B3B26F231CFDED00685880 /* NavigationController.swift in Sources */,
				A912570D231D5E330077C3BB /* NewsViewController.swift in Sources */,
				A9B3B271231CFF5900685880 /* ViewController.swift in Sources */,
				A9B3B275231D050900685880 /* InputView.swift in Sources */,
				A9B3B273231D007400685880 /* UIView+Shadow.swift in Sources */,
				A9B3B26A231CFD1F00685880 /* UIColor+Hex.swift in Sources */,
			);
			runOnlyForDeploymentPostprocessing = 0;
		};
/* End PBXSourcesBuildPhase section */

/* Begin PBXVariantGroup section */
		A9B3B250231CF05D00685880 /* LaunchScreen.storyboard */ = {
			isa = PBXVariantGroup;
			children = (
				A9B3B251231CF05D00685880 /* Base */,
			);
			name = LaunchScreen.storyboard;
			sourceTree = "<group>";
		};
/* End PBXVariantGroup section */

/* Begin XCBuildConfiguration section */
		A9B3B254231CF05D00685880 /* Debug */ = {
			isa = XCBuildConfiguration;
			buildSettings = {
				ALWAYS_SEARCH_USER_PATHS = NO;
				CLANG_ANALYZER_NONNULL = YES;
				CLANG_ANALYZER_NUMBER_OBJECT_CONVERSION = YES_AGGRESSIVE;
				CLANG_CXX_LANGUAGE_STANDARD = "gnu++14";
				CLANG_CXX_LIBRARY = "libc++";
				CLANG_ENABLE_MODULES = YES;
				CLANG_ENABLE_OBJC_ARC = YES;
				CLANG_ENABLE_OBJC_WEAK = YES;
				CLANG_WARN_BLOCK_CAPTURE_AUTORELEASING = YES;
				CLANG_WARN_BOOL_CONVERSION = YES;
				CLANG_WARN_COMMA = YES;
				CLANG_WARN_CONSTANT_CONVERSION = YES;
				CLANG_WARN_DEPRECATED_OBJC_IMPLEMENTATIONS = YES;
				CLANG_WARN_DIRECT_OBJC_ISA_USAGE = YES_ERROR;
				CLANG_WARN_DOCUMENTATION_COMMENTS = YES;
				CLANG_WARN_EMPTY_BODY = YES;
				CLANG_WARN_ENUM_CONVERSION = YES;
				CLANG_WARN_INFINITE_RECURSION = YES;
				CLANG_WARN_INT_CONVERSION = YES;
				CLANG_WARN_NON_LITERAL_NULL_CONVERSION = YES;
				CLANG_WARN_OBJC_IMPLICIT_RETAIN_SELF = YES;
				CLANG_WARN_OBJC_LITERAL_CONVERSION = YES;
				CLANG_WARN_OBJC_ROOT_CLASS = YES_ERROR;
				CLANG_WARN_RANGE_LOOP_ANALYSIS = YES;
				CLANG_WARN_STRICT_PROTOTYPES = YES;
				CLANG_WARN_SUSPICIOUS_MOVE = YES;
				CLANG_WARN_UNGUARDED_AVAILABILITY = YES_AGGRESSIVE;
				CLANG_WARN_UNREACHABLE_CODE = YES;
				CLANG_WARN__DUPLICATE_METHOD_MATCH = YES;
				CODE_SIGN_IDENTITY = "iPhone Developer";
				COPY_PHASE_STRIP = NO;
				DEBUG_INFORMATION_FORMAT = dwarf;
				ENABLE_STRICT_OBJC_MSGSEND = YES;
				ENABLE_TESTABILITY = YES;
				GCC_C_LANGUAGE_STANDARD = gnu11;
				GCC_DYNAMIC_NO_PIC = NO;
				GCC_NO_COMMON_BLOCKS = YES;
				GCC_OPTIMIZATION_LEVEL = 0;
				GCC_PREPROCESSOR_DEFINITIONS = (
					"DEBUG=1",
					"$(inherited)",
				);
				GCC_WARN_64_TO_32_BIT_CONVERSION = YES;
				GCC_WARN_ABOUT_RETURN_TYPE = YES_ERROR;
				GCC_WARN_UNDECLARED_SELECTOR = YES;
				GCC_WARN_UNINITIALIZED_AUTOS = YES_AGGRESSIVE;
				GCC_WARN_UNUSED_FUNCTION = YES;
				GCC_WARN_UNUSED_VARIABLE = YES;
				IPHONEOS_DEPLOYMENT_TARGET = 12.4;
				MTL_ENABLE_DEBUG_INFO = INCLUDE_SOURCE;
				MTL_FAST_MATH = YES;
				ONLY_ACTIVE_ARCH = YES;
				SDKROOT = iphoneos;
				SWIFT_ACTIVE_COMPILATION_CONDITIONS = DEBUG;
				SWIFT_OPTIMIZATION_LEVEL = "-Onone";
			};
			name = Debug;
		};
		A9B3B255231CF05D00685880 /* Release */ = {
			isa = XCBuildConfiguration;
			buildSettings = {
				ALWAYS_SEARCH_USER_PATHS = NO;
				CLANG_ANALYZER_NONNULL = YES;
				CLANG_ANALYZER_NUMBER_OBJECT_CONVERSION = YES_AGGRESSIVE;
				CLANG_CXX_LANGUAGE_STANDARD = "gnu++14";
				CLANG_CXX_LIBRARY = "libc++";
				CLANG_ENABLE_MODULES = YES;
				CLANG_ENABLE_OBJC_ARC = YES;
				CLANG_ENABLE_OBJC_WEAK = YES;
				CLANG_WARN_BLOCK_CAPTURE_AUTORELEASING = YES;
				CLANG_WARN_BOOL_CONVERSION = YES;
				CLANG_WARN_COMMA = YES;
				CLANG_WARN_CONSTANT_CONVERSION = YES;
				CLANG_WARN_DEPRECATED_OBJC_IMPLEMENTATIONS = YES;
				CLANG_WARN_DIRECT_OBJC_ISA_USAGE = YES_ERROR;
				CLANG_WARN_DOCUMENTATION_COMMENTS = YES;
				CLANG_WARN_EMPTY_BODY = YES;
				CLANG_WARN_ENUM_CONVERSION = YES;
				CLANG_WARN_INFINITE_RECURSION = YES;
				CLANG_WARN_INT_CONVERSION = YES;
				CLANG_WARN_NON_LITERAL_NULL_CONVERSION = YES;
				CLANG_WARN_OBJC_IMPLICIT_RETAIN_SELF = YES;
				CLANG_WARN_OBJC_LITERAL_CONVERSION = YES;
				CLANG_WARN_OBJC_ROOT_CLASS = YES_ERROR;
				CLANG_WARN_RANGE_LOOP_ANALYSIS = YES;
				CLANG_WARN_STRICT_PROTOTYPES = YES;
				CLANG_WARN_SUSPICIOUS_MOVE = YES;
				CLANG_WARN_UNGUARDED_AVAILABILITY = YES_AGGRESSIVE;
				CLANG_WARN_UNREACHABLE_CODE = YES;
				CLANG_WARN__DUPLICATE_METHOD_MATCH = YES;
				CODE_SIGN_IDENTITY = "iPhone Developer";
				COPY_PHASE_STRIP = NO;
				DEBUG_INFORMATION_FORMAT = "dwarf-with-dsym";
				ENABLE_NS_ASSERTIONS = NO;
				ENABLE_STRICT_OBJC_MSGSEND = YES;
				GCC_C_LANGUAGE_STANDARD = gnu11;
				GCC_NO_COMMON_BLOCKS = YES;
				GCC_WARN_64_TO_32_BIT_CONVERSION = YES;
				GCC_WARN_ABOUT_RETURN_TYPE = YES_ERROR;
				GCC_WARN_UNDECLARED_SELECTOR = YES;
				GCC_WARN_UNINITIALIZED_AUTOS = YES_AGGRESSIVE;
				GCC_WARN_UNUSED_FUNCTION = YES;
				GCC_WARN_UNUSED_VARIABLE = YES;
				IPHONEOS_DEPLOYMENT_TARGET = 12.4;
				MTL_ENABLE_DEBUG_INFO = NO;
				MTL_FAST_MATH = YES;
				SDKROOT = iphoneos;
				SWIFT_COMPILATION_MODE = wholemodule;
				SWIFT_OPTIMIZATION_LEVEL = "-O";
				VALIDATE_PRODUCT = YES;
			};
			name = Release;
		};
		A9B3B257231CF05D00685880 /* Debug */ = {
			isa = XCBuildConfiguration;
			baseConfigurationReference = 805AFDDAE07C7F3E3CE852CB /* Pods-Trews.debug.xcconfig */;
			buildSettings = {
				ASSETCATALOG_COMPILER_APPICON_NAME = AppIcon;
				CODE_SIGN_STYLE = Automatic;
				INFOPLIST_FILE = Trews/Resources/Info.plist;
				LD_RUNPATH_SEARCH_PATHS = (
					"$(inherited)",
					"@executable_path/Frameworks",
				);
				PRODUCT_BUNDLE_IDENTIFIER = com.trungducc.Trews;
				PRODUCT_NAME = "$(TARGET_NAME)";
				SWIFT_VERSION = 5.0;
				TARGETED_DEVICE_FAMILY = "1,2";
			};
			name = Debug;
		};
		A9B3B258231CF05D00685880 /* Release */ = {
			isa = XCBuildConfiguration;
			baseConfigurationReference = B11BDE20791D537FAFD615D9 /* Pods-Trews.release.xcconfig */;
			buildSettings = {
				ASSETCATALOG_COMPILER_APPICON_NAME = AppIcon;
				CODE_SIGN_STYLE = Automatic;
				INFOPLIST_FILE = Trews/Resources/Info.plist;
				LD_RUNPATH_SEARCH_PATHS = (
					"$(inherited)",
					"@executable_path/Frameworks",
				);
				PRODUCT_BUNDLE_IDENTIFIER = com.trungducc.Trews;
				PRODUCT_NAME = "$(TARGET_NAME)";
				SWIFT_VERSION = 5.0;
				TARGETED_DEVICE_FAMILY = "1,2";
			};
			name = Release;
		};
/* End XCBuildConfiguration section */

/* Begin XCConfigurationList section */
		A9B3B23F231CF05B00685880 /* Build configuration list for PBXProject "Trews" */ = {
			isa = XCConfigurationList;
			buildConfigurations = (
				A9B3B254231CF05D00685880 /* Debug */,
				A9B3B255231CF05D00685880 /* Release */,
			);
			defaultConfigurationIsVisible = 0;
			defaultConfigurationName = Release;
		};
		A9B3B256231CF05D00685880 /* Build configuration list for PBXNativeTarget "Trews" */ = {
			isa = XCConfigurationList;
			buildConfigurations = (
				A9B3B257231CF05D00685880 /* Debug */,
				A9B3B258231CF05D00685880 /* Release */,
			);
			defaultConfigurationIsVisible = 0;
			defaultConfigurationName = Release;
		};
/* End XCConfigurationList section */
	};
	rootObject = A9B3B23C231CF05B00685880 /* Project object */;
}
